
Microsoft Visual Studio Solution File, Format Version 12.00
# Visual Studio 15
VisualStudioVersion = 15.0.28307.572
MinimumVisualStudioVersion = 10.0.40219.1
Project("{FAE04EC0-301F-11D3-BF4B-00C04F79EFBC}") = "DeckOfCardsAPI", "DeckOfCardsAPI\DeckOfCardsAPI.csproj", "{96164993-D1A1-4E63-BD59-B30E75B0AB0D}"
EndProject
Global
	GlobalSection(SolutionConfigurationPlatforms) = preSolution
		Debug|Any CPU = Debug|Any CPU
		Release|Any CPU = Release|Any CPU
	EndGlobalSection
	GlobalSection(ProjectConfigurationPlatforms) = postSolution
		{96164993-D1A1-4E63-BD59-B30E75B0AB0D}.Debug|Any CPU.ActiveCfg = Debug|Any CPU
		{96164993-D1A1-4E63-BD59-B30E75B0AB0D}.Debug|Any CPU.Build.0 = Debug|Any CPU
		{96164993-D1A1-4E63-BD59-B30E75B0AB0D}.Release|Any CPU.ActiveCfg = Release|Any CPU
		{96164993-D1A1-4E63-BD59-B30E75B0AB0D}.Release|Any CPU.Build.0 = Release|Any CPU
	EndGlobalSection
	GlobalSection(SolutionProperties) = preSolution
		HideSolutionNode = FALSE
	EndGlobalSection
	GlobalSection(ExtensibilityGlobals) = postSolution
		SolutionGuid = {618F5A5F-DB05-49D7-8E57-E54858535CB7}
	EndGlobalSection
EndGlobal
